
Microsoft Visual Studio Solution File, Format Version 12.00
# Visual Studio Version 16
VisualStudioVersion = 16.0.29230.47
MinimumVisualStudioVersion = 10.0.40219.1
Project("{FAE04EC0-301F-11D3-BF4B-00C04F79EFBC}") = "AdMakerM", "AdMakerM\AdMakerM.csproj", "{031F0D59-93A4-4177-91D4-E5B7AD5E4FEA}"
EndProject
Global
	GlobalSection(SolutionConfigurationPlatforms) = preSolution
		Debug|Any CPU = Debug|Any CPU
		Release|Any CPU = Release|Any CPU
	EndGlobalSection
	GlobalSection(ProjectConfigurationPlatforms) = postSolution
		{031F0D59-93A4-4177-91D4-E5B7AD5E4FEA}.Debug|Any CPU.ActiveCfg = Debug|Any CPU
		{031F0D59-93A4-4177-91D4-E5B7AD5E4FEA}.Debug|Any CPU.Build.0 = Debug|Any CPU
		{031F0D59-93A4-4177-91D4-E5B7AD5E4FEA}.Release|Any CPU.ActiveCfg = Release|Any CPU
		{031F0D59-93A4-4177-91D4-E5B7AD5E4FEA}.Release|Any CPU.Build.0 = Release|Any CPU
	EndGlobalSection
	GlobalSection(SolutionProperties) = preSolution
		HideSolutionNode = FALSE
	EndGlobalSection
	GlobalSection(ExtensibilityGlobals) = postSolution
		SolutionGuid = {52457346-E4BE-4A21-97AD-DCF41B165918}
	EndGlobalSection
EndGlobal
